
Microsoft Visual Studio Solution File, Format Version 12.00
# Visual Studio Version 16
VisualStudioVersion = 16.0.31205.134
MinimumVisualStudioVersion = 10.0.40219.1
Project("{FAE04EC0-301F-11D3-BF4B-00C04F79EFBC}") = "RuleEngine", "RuleEngine.csproj", "{5F33E821-C2E6-43E4-AB49-57DD638F5ACF}"
EndProject
Global
	GlobalSection(SolutionConfigurationPlatforms) = preSolution
		Debug|Any CPU = Debug|Any CPU
		Release|Any CPU = Release|Any CPU
	EndGlobalSection
	GlobalSection(ProjectConfigurationPlatforms) = postSolution
		{5F33E821-C2E6-43E4-AB49-57DD638F5ACF}.Debug|Any CPU.ActiveCfg = Debug|Any CPU
		{5F33E821-C2E6-43E4-AB49-57DD638F5ACF}.Debug|Any CPU.Build.0 = Debug|Any CPU
		{5F33E821-C2E6-43E4-AB49-57DD638F5ACF}.Release|Any CPU.ActiveCfg = Release|Any CPU
		{5F33E821-C2E6-43E4-AB49-57DD638F5ACF}.Release|Any CPU.Build.0 = Release|Any CPU
	EndGlobalSection
	GlobalSection(SolutionProperties) = preSolution
		HideSolutionNode = FALSE
	EndGlobalSection
	GlobalSection(ExtensibilityGlobals) = postSolution
		SolutionGuid = {13A885C8-070D-40BA-8296-9ABBF9D7ACB1}
	EndGlobalSection
EndGlobal
